
Microsoft Visual Studio Solution File, Format Version 12.00
# Visual Studio Version 16
VisualStudioVersion = 16.0.31321.278
MinimumVisualStudioVersion = 10.0.40219.1
Project("{9A19103F-16F7-4668-BE54-9A1E7A4F7556}") = "WebJob", "WebJob\WebJob.csproj", "{29D81017-F365-4F61-B942-288A888A3070}"
EndProject
Project("{2150E333-8FDC-42A3-9474-1A3956D46DE8}") = "Solution Items", "Solution Items", "{CA8D261E-A28E-48A3-8738-8DD5874358F5}"
	ProjectSection(SolutionItems) = preProject
		LICENSE = LICENSE
		README.md = README.md
	EndProjectSection
EndProject
Project("{FAE04EC0-301F-11D3-BF4B-00C04F79EFBC}") = "Dashboard", "Dashboard\Dashboard.csproj", "{0064F120-9C29-4ECA-8DD8-F505327CE37F}"
EndProject
Global
	GlobalSection(SolutionConfigurationPlatforms) = preSolution
		Debug|Any CPU = Debug|Any CPU
		Release|Any CPU = Release|Any CPU
	EndGlobalSection
	GlobalSection(ProjectConfigurationPlatforms) = postSolution
		{29D81017-F365-4F61-B942-288A888A3070}.Debug|Any CPU.ActiveCfg = Debug|Any CPU
		{29D81017-F365-4F61-B942-288A888A3070}.Debug|Any CPU.Build.0 = Debug|Any CPU
		{29D81017-F365-4F61-B942-288A888A3070}.Release|Any CPU.ActiveCfg = Release|Any CPU
		{29D81017-F365-4F61-B942-288A888A3070}.Release|Any CPU.Build.0 = Release|Any CPU
		{0064F120-9C29-4ECA-8DD8-F505327CE37F}.Debug|Any CPU.ActiveCfg = Debug|Any CPU
		{0064F120-9C29-4ECA-8DD8-F505327CE37F}.Debug|Any CPU.Build.0 = Debug|Any CPU
		{0064F120-9C29-4ECA-8DD8-F505327CE37F}.Release|Any CPU.ActiveCfg = Release|Any CPU
		{0064F120-9C29-4ECA-8DD8-F505327CE37F}.Release|Any CPU.Build.0 = Release|Any CPU
	EndGlobalSection
	GlobalSection(SolutionProperties) = preSolution
		HideSolutionNode = FALSE
	EndGlobalSection
	GlobalSection(ExtensibilityGlobals) = postSolution
		SolutionGuid = {CA38DAA6-544C-4FFE-AFAB-59376053A8B9}
	EndGlobalSection
EndGlobal
